
Microsoft Visual Studio Solution File, Format Version 12.00
# Visual Studio Version 17
VisualStudioVersion = 17.8.34525.116
MinimumVisualStudioVersion = 10.0.40219.1
Project("{FAE04EC0-301F-11D3-BF4B-00C04F79EFBC}") = "WorkDemo", "WorkDemo\WorkDemo.csproj", "{0F7AFB11-DCAA-4EF7-AC13-02485619AE96}"
EndProject
Global
	GlobalSection(SolutionConfigurationPlatforms) = preSolution
		Debug|Any CPU = Debug|Any CPU
		Release|Any CPU = Release|Any CPU
	EndGlobalSection
	GlobalSection(ProjectConfigurationPlatforms) = postSolution
		{0F7AFB11-DCAA-4EF7-AC13-02485619AE96}.Debug|Any CPU.ActiveCfg = Debug|Any CPU
		{0F7AFB11-DCAA-4EF7-AC13-02485619AE96}.Debug|Any CPU.Build.0 = Debug|Any CPU
		{0F7AFB11-DCAA-4EF7-AC13-02485619AE96}.Release|Any CPU.ActiveCfg = Release|Any CPU
		{0F7AFB11-DCAA-4EF7-AC13-02485619AE96}.Release|Any CPU.Build.0 = Release|Any CPU
	EndGlobalSection
	GlobalSection(SolutionProperties) = preSolution
		HideSolutionNode = FALSE
	EndGlobalSection
	GlobalSection(ExtensibilityGlobals) = postSolution
		SolutionGuid = {28676F8A-1A5D-452A-BB6F-D50266E2DBCA}
	EndGlobalSection
EndGlobal
